Microsoft Visual Studio Solution File, Format Version 11.00
# Visual Studio 2008

Project("{9768D15F-E708-BF01-8DE5-BB3B81CE628C}") = "GPWS", "Assembly-CSharp.csproj", "{2095CE00-8DC0-99AA-EB46-7E734F2FB079}"
EndProject
Global
	GlobalSection(SolutionConfigurationPlatforms) = preSolution
		Debug|Any CPU = Debug|Any CPU
		Release|Any CPU = Release|Any CPU
	EndGlobalSection
	GlobalSection(ProjectConfigurationPlatforms) = postSolution
		{2095CE00-8DC0-99AA-EB46-7E734F2FB079}.Debug|Any CPU.ActiveCfg = Debug|Any CPU
		{2095CE00-8DC0-99AA-EB46-7E734F2FB079}.Debug|Any CPU.Build.0 = Debug|Any CPU
		{2095CE00-8DC0-99AA-EB46-7E734F2FB079}.Release|Any CPU.ActiveCfg = Release|Any CPU
		{2095CE00-8DC0-99AA-EB46-7E734F2FB079}.Release|Any CPU.Build.0 = Release|Any CPU
	EndGlobalSection
	GlobalSection(SolutionProperties) = preSolution
		HideSolutionNode = FALSE
	EndGlobalSection
	GlobalSection(MonoDevelopProperties) = preSolution
		StartupItem = Assembly-CSharp.csproj
	EndGlobalSection
EndGlobal
